
Microsoft Visual Studio Solution File, Format Version 12.00
# Visual Studio Version 17
VisualStudioVersion = 17.6.33723.286
MinimumVisualStudioVersion = 10.0.40219.1
Project("{FAE04EC0-301F-11D3-BF4B-00C04F79EFBC}") = "evalutaion-1", "evalutaion-1.csproj", "{DE59C4DF-D6D6-480E-A579-4A386B681017}"
EndProject
Global
	GlobalSection(SolutionConfigurationPlatforms) = preSolution
		Debug|Any CPU = Debug|Any CPU
		Release|Any CPU = Release|Any CPU
	EndGlobalSection
	GlobalSection(ProjectConfigurationPlatforms) = postSolution
		{DE59C4DF-D6D6-480E-A579-4A386B681017}.Debug|Any CPU.ActiveCfg = Debug|Any CPU
		{DE59C4DF-D6D6-480E-A579-4A386B681017}.Debug|Any CPU.Build.0 = Debug|Any CPU
		{DE59C4DF-D6D6-480E-A579-4A386B681017}.Release|Any CPU.ActiveCfg = Release|Any CPU
		{DE59C4DF-D6D6-480E-A579-4A386B681017}.Release|Any CPU.Build.0 = Release|Any CPU
	EndGlobalSection
	GlobalSection(SolutionProperties) = preSolution
		HideSolutionNode = FALSE
	EndGlobalSection
	GlobalSection(ExtensibilityGlobals) = postSolution
		SolutionGuid = {1D1E1420-3061-447F-BA65-F534CC113F2C}
	EndGlobalSection
EndGlobal
